
Microsoft Visual Studio Solution File, Format Version 12.00
# Visual Studio Version 17
VisualStudioVersion = 17.8.34330.188
MinimumVisualStudioVersion = 10.0.40219.1
Project("{FAE04EC0-301F-11D3-BF4B-00C04F79EFBC}") = "OnlineSaleSiteAuth", "OnlineSaleSiteAuth\OnlineSaleSiteAuth.csproj", "{6129324F-AB2A-4657-952E-649516918380}"
EndProject
Project("{FAE04EC0-301F-11D3-BF4B-00C04F79EFBC}") = "OnlineSaleSiteAuth.Domain", "OnlineSaleSiteAuth.Domain\OnlineSaleSiteAuth.Domain.csproj", "{D6892CEA-9065-407D-B2A7-38E427441EBA}"
EndProject
Project("{FAE04EC0-301F-11D3-BF4B-00C04F79EFBC}") = "OnlineSaleSiteAuth.Common", "OnlineSaleSiteAuth.Common\OnlineSaleSiteAuth.Common.csproj", "{BD471674-B71D-4E48-B7B4-647A42488FFC}"
EndProject
Project("{FAE04EC0-301F-11D3-BF4B-00C04F79EFBC}") = "OnlineSalesAuth.Persistence", "OnlineSalesAuth.Persistence\OnlineSalesAuth.Persistence.csproj", "{DA8CC1A4-FB94-41C0-8D32-EF632D3AA0BA}"
EndProject
Project("{FAE04EC0-301F-11D3-BF4B-00C04F79EFBC}") = "OnlineSaleSiteAuth.Application", "OnlineSaleSiteAuth.Application\OnlineSaleSiteAuth.Application.csproj", "{C7E0B796-35FA-4271-B1F4-6943D22A7CBE}"
EndProject
Global
	GlobalSection(SolutionConfigurationPlatforms) = preSolution
		Debug|Any CPU = Debug|Any CPU
		Release|Any CPU = Release|Any CPU
	EndGlobalSection
	GlobalSection(ProjectConfigurationPlatforms) = postSolution
		{6129324F-AB2A-4657-952E-649516918380}.Debug|Any CPU.ActiveCfg = Debug|Any CPU
		{6129324F-AB2A-4657-952E-649516918380}.Debug|Any CPU.Build.0 = Debug|Any CPU
		{6129324F-AB2A-4657-952E-649516918380}.Release|Any CPU.ActiveCfg = Release|Any CPU
		{6129324F-AB2A-4657-952E-649516918380}.Release|Any CPU.Build.0 = Release|Any CPU
		{D6892CEA-9065-407D-B2A7-38E427441EBA}.Debug|Any CPU.ActiveCfg = Debug|Any CPU
		{D6892CEA-9065-407D-B2A7-38E427441EBA}.Debug|Any CPU.Build.0 = Debug|Any CPU
		{D6892CEA-9065-407D-B2A7-38E427441EBA}.Release|Any CPU.ActiveCfg = Release|Any CPU
		{D6892CEA-9065-407D-B2A7-38E427441EBA}.Release|Any CPU.Build.0 = Release|Any CPU
		{BD471674-B71D-4E48-B7B4-647A42488FFC}.Debug|Any CPU.ActiveCfg = Debug|Any CPU
		{BD471674-B71D-4E48-B7B4-647A42488FFC}.Debug|Any CPU.Build.0 = Debug|Any CPU
		{BD471674-B71D-4E48-B7B4-647A42488FFC}.Release|Any CPU.ActiveCfg = Release|Any CPU
		{BD471674-B71D-4E48-B7B4-647A42488FFC}.Release|Any CPU.Build.0 = Release|Any CPU
		{DA8CC1A4-FB94-41C0-8D32-EF632D3AA0BA}.Debug|Any CPU.ActiveCfg = Debug|Any CPU
		{DA8CC1A4-FB94-41C0-8D32-EF632D3AA0BA}.Debug|Any CPU.Build.0 = Debug|Any CPU
		{DA8CC1A4-FB94-41C0-8D32-EF632D3AA0BA}.Release|Any CPU.ActiveCfg = Release|Any CPU
		{DA8CC1A4-FB94-41C0-8D32-EF632D3AA0BA}.Release|Any CPU.Build.0 = Release|Any CPU
		{C7E0B796-35FA-4271-B1F4-6943D22A7CBE}.Debug|Any CPU.ActiveCfg = Debug|Any CPU
		{C7E0B796-35FA-4271-B1F4-6943D22A7CBE}.Debug|Any CPU.Build.0 = Debug|Any CPU
		{C7E0B796-35FA-4271-B1F4-6943D22A7CBE}.Release|Any CPU.ActiveCfg = Release|Any CPU
		{C7E0B796-35FA-4271-B1F4-6943D22A7CBE}.Release|Any CPU.Build.0 = Release|Any CPU
	EndGlobalSection
	GlobalSection(SolutionProperties) = preSolution
		HideSolutionNode = FALSE
	EndGlobalSection
	GlobalSection(ExtensibilityGlobals) = postSolution
		SolutionGuid = {2F52F15E-A469-4D47-97C3-08E4D65D33EC}
	EndGlobalSection
EndGlobal
